PODS:
  - KRActivityIndicatorView (3.0.7)
  - KRProgressHUD (3.4.7):
    - KRActivityIndicatorView (= 3.0.7)
  - NYXImagesKit (2.3)
  - Realm (10.48.0):
    - Realm/Headers (= 10.48.0)
  - Realm/Headers (10.48.0)
  - RealmSwift (10.48.0):
    - Realm (= 10.48.0)

DEPENDENCIES:
  - KRProgressHUD
  - NYXImagesKit
  - RealmSwift

SPEC REPOS:
  trunk:
    - KRActivityIndicatorView
    - KRProgressHUD
    - NYXImagesKit
    - Realm
    - RealmSwift

SPEC CHECKSUMS:
  KRActivityIndicatorView: ad69e89c4ce40c986cf580595be4829dcad0e35a
  KRProgressHUD: a248f0bc6c9c2aed40a37b76e03ffecc7f85c887
  NYXImagesKit: 8163e3335a40eaa173ca5bbbf81fafb57d3947eb
  Realm: ac7ec3bd884b42282431fc414cc0bb3e92d726cf
  RealmSwift: 4eb8b254ebe413cbc486c5a366f2a315b54d75f7

PODFILE CHECKSUM: 45439ead70d01d8ee96e05aaa88c91c2c735a849

COCOAPODS: 1.15.2
