PODS:
  - KRActivityIndicatorView (3.0.7)
  - KRProgressHUD (3.4.7):
    - KRActivityIndicatorView (= 3.0.7)
  - NCMB (3.1.1)
  - NYXImagesKit (2.3)

DEPENDENCIES:
  - KRProgressHUD
  - NCMB (from `https://github.com/NIFTYCloud-mbaas/ncmb_ios.git`, branch `develop`)
  - NYXImagesKit

SPEC REPOS:
  trunk:
    - KRActivityIndicatorView
    - KRProgressHUD
    - NYXImagesKit

EXTERNAL SOURCES:
  NCMB:
    :branch: develop
    :git: https://github.com/NIFTYCloud-mbaas/ncmb_ios.git

CHECKOUT OPTIONS:
  NCMB:
    :commit: fcf1dba37caf06de2fa8fc3d66091ce6f7415682
    :git: https://github.com/NIFTYCloud-mbaas/ncmb_ios.git

SPEC CHECKSUMS:
  KRActivityIndicatorView: ad69e89c4ce40c986cf580595be4829dcad0e35a
  KRProgressHUD: a248f0bc6c9c2aed40a37b76e03ffecc7f85c887
  NCMB: 394197b1efbfb0d353da38cbb34ca0563ec0c723
  NYXImagesKit: 8163e3335a40eaa173ca5bbbf81fafb57d3947eb

PODFILE CHECKSUM: 0e85f3861fe768c396f8b6223c98f867cbac95c5

COCOAPODS: 1.11.3
